
Microsoft Visual Studio Solution File, Format Version 12.00
# Visual Studio Version 17
VisualStudioVersion = 17.10.35013.160
MinimumVisualStudioVersion = 10.0.40219.1
Project("{9A19103F-16F7-4668-BE54-9A1E7A4F7556}") = "Toyota", "Toyota\Toyota.csproj", "{0D22EA5B-F6F1-4B81-BA9B-C627C0810BE6}"
EndProject
Project("{9A19103F-16F7-4668-BE54-9A1E7A4F7556}") = "EntityLayer", "EntityLayer\EntityLayer.csproj", "{A43DA8B6-B866-43EE-8743-4D40E16054C0}"
EndProject
Project("{9A19103F-16F7-4668-BE54-9A1E7A4F7556}") = "DataAccessLayer", "DataAccessLayer\DataAccessLayer.csproj", "{5BFAB61F-2EB8-48ED-97F8-E6FBE6C61CC5}"
EndProject
Project("{9A19103F-16F7-4668-BE54-9A1E7A4F7556}") = "BusinessLayer", "BusinessLayer\BusinessLayer.csproj", "{8C81F384-B498-4168-B593-11EA9419D7B5}"
EndProject
Project("{9A19103F-16F7-4668-BE54-9A1E7A4F7556}") = "ToyotaApi", "ToyotaApi\ToyotaApi.csproj", "{5A4D7F0B-A4E2-4A9E-AB41-861E79619A3C}"
EndProject
Global
	GlobalSection(SolutionConfigurationPlatforms) = preSolution
		Debug|Any CPU = Debug|Any CPU
		Release|Any CPU = Release|Any CPU
	EndGlobalSection
	GlobalSection(ProjectConfigurationPlatforms) = postSolution
		{0D22EA5B-F6F1-4B81-BA9B-C627C0810BE6}.Debug|Any CPU.ActiveCfg = Debug|Any CPU
		{0D22EA5B-F6F1-4B81-BA9B-C627C0810BE6}.Debug|Any CPU.Build.0 = Debug|Any CPU
		{0D22EA5B-F6F1-4B81-BA9B-C627C0810BE6}.Release|Any CPU.ActiveCfg = Release|Any CPU
		{0D22EA5B-F6F1-4B81-BA9B-C627C0810BE6}.Release|Any CPU.Build.0 = Release|Any CPU
		{A43DA8B6-B866-43EE-8743-4D40E16054C0}.Debug|Any CPU.ActiveCfg = Debug|Any CPU
		{A43DA8B6-B866-43EE-8743-4D40E16054C0}.Debug|Any CPU.Build.0 = Debug|Any CPU
		{A43DA8B6-B866-43EE-8743-4D40E16054C0}.Release|Any CPU.ActiveCfg = Release|Any CPU
		{A43DA8B6-B866-43EE-8743-4D40E16054C0}.Release|Any CPU.Build.0 = Release|Any CPU
		{5BFAB61F-2EB8-48ED-97F8-E6FBE6C61CC5}.Debug|Any CPU.ActiveCfg = Debug|Any CPU
		{5BFAB61F-2EB8-48ED-97F8-E6FBE6C61CC5}.Debug|Any CPU.Build.0 = Debug|Any CPU
		{5BFAB61F-2EB8-48ED-97F8-E6FBE6C61CC5}.Release|Any CPU.ActiveCfg = Release|Any CPU
		{5BFAB61F-2EB8-48ED-97F8-E6FBE6C61CC5}.Release|Any CPU.Build.0 = Release|Any CPU
		{8C81F384-B498-4168-B593-11EA9419D7B5}.Debug|Any CPU.ActiveCfg = Debug|Any CPU
		{8C81F384-B498-4168-B593-11EA9419D7B5}.Debug|Any CPU.Build.0 = Debug|Any CPU
		{8C81F384-B498-4168-B593-11EA9419D7B5}.Release|Any CPU.ActiveCfg = Release|Any CPU
		{8C81F384-B498-4168-B593-11EA9419D7B5}.Release|Any CPU.Build.0 = Release|Any CPU
		{5A4D7F0B-A4E2-4A9E-AB41-861E79619A3C}.Debug|Any CPU.ActiveCfg = Debug|Any CPU
		{5A4D7F0B-A4E2-4A9E-AB41-861E79619A3C}.Debug|Any CPU.Build.0 = Debug|Any CPU
		{5A4D7F0B-A4E2-4A9E-AB41-861E79619A3C}.Release|Any CPU.ActiveCfg = Release|Any CPU
		{5A4D7F0B-A4E2-4A9E-AB41-861E79619A3C}.Release|Any CPU.Build.0 = Release|Any CPU
	EndGlobalSection
	GlobalSection(SolutionProperties) = preSolution
		HideSolutionNode = FALSE
	EndGlobalSection
	GlobalSection(ExtensibilityGlobals) = postSolution
		SolutionGuid = {6C1BD016-9BC1-4729-9571-515F406D7C70}
	EndGlobalSection
EndGlobal
